
Microsoft Visual Studio Solution File, Format Version 12.00
# Visual Studio 15
VisualStudioVersion = 15.0.28307.902
MinimumVisualStudioVersion = 10.0.40219.1
Project("{9A19103F-16F7-4668-BE54-9A1E7A4F7556}") = "CatalogService", "CatalogService\CatalogService.csproj", "{BE9C9A3A-23E1-4616-AEF6-8CC0E95E6312}"
EndProject
Project("{9A19103F-16F7-4668-BE54-9A1E7A4F7556}") = "DataCore", "DataCore\DataCore.csproj", "{C35C2DB2-2B80-4A2A-BCB6-82B25F976B01}"
EndProject
Project("{9A19103F-16F7-4668-BE54-9A1E7A4F7556}") = "TestCategory", "TestCategory\TestCategory.csproj", "{04A3B767-80B0-4B4B-B4C8-4722E33E2A7B}"
EndProject
Project("{9A19103F-16F7-4668-BE54-9A1E7A4F7556}") = "ProductService", "ProductService\ProductService.csproj", "{ED095E11-E637-47A5-9912-BE28040BCBFB}"
EndProject
Project("{9A19103F-16F7-4668-BE54-9A1E7A4F7556}") = "FuzzyGetway", "FuzzyGetway\FuzzyGetway.csproj", "{BC095792-01E6-4E52-A34B-DE707FCFE9AC}"
EndProject
Project("{9A19103F-16F7-4668-BE54-9A1E7A4F7556}") = "AuthenticationService", "AuthenticationService\AuthenticationService.csproj", "{A3099977-78E7-4398-AC09-499206CBA2C8}"
EndProject
Project("{FAE04EC0-301F-11D3-BF4B-00C04F79EFBC}") = "CartService", "CartService\CartService.csproj", "{AB685B0A-61EA-4FDB-BB24-3AF864E84E79}"
EndProject
Global
	GlobalSection(SolutionConfigurationPlatforms) = preSolution
		Debug|Any CPU = Debug|Any CPU
		Release|Any CPU = Release|Any CPU
	EndGlobalSection
	GlobalSection(ProjectConfigurationPlatforms) = postSolution
		{BE9C9A3A-23E1-4616-AEF6-8CC0E95E6312}.Debug|Any CPU.ActiveCfg = Debug|Any CPU
		{BE9C9A3A-23E1-4616-AEF6-8CC0E95E6312}.Debug|Any CPU.Build.0 = Debug|Any CPU
		{BE9C9A3A-23E1-4616-AEF6-8CC0E95E6312}.Release|Any CPU.ActiveCfg = Release|Any CPU
		{BE9C9A3A-23E1-4616-AEF6-8CC0E95E6312}.Release|Any CPU.Build.0 = Release|Any CPU
		{C35C2DB2-2B80-4A2A-BCB6-82B25F976B01}.Debug|Any CPU.ActiveCfg = Debug|Any CPU
		{C35C2DB2-2B80-4A2A-BCB6-82B25F976B01}.Debug|Any CPU.Build.0 = Debug|Any CPU
		{C35C2DB2-2B80-4A2A-BCB6-82B25F976B01}.Release|Any CPU.ActiveCfg = Release|Any CPU
		{C35C2DB2-2B80-4A2A-BCB6-82B25F976B01}.Release|Any CPU.Build.0 = Release|Any CPU
		{04A3B767-80B0-4B4B-B4C8-4722E33E2A7B}.Debug|Any CPU.ActiveCfg = Debug|Any CPU
		{04A3B767-80B0-4B4B-B4C8-4722E33E2A7B}.Debug|Any CPU.Build.0 = Debug|Any CPU
		{04A3B767-80B0-4B4B-B4C8-4722E33E2A7B}.Release|Any CPU.ActiveCfg = Release|Any CPU
		{04A3B767-80B0-4B4B-B4C8-4722E33E2A7B}.Release|Any CPU.Build.0 = Release|Any CPU
		{ED095E11-E637-47A5-9912-BE28040BCBFB}.Debug|Any CPU.ActiveCfg = Debug|Any CPU
		{ED095E11-E637-47A5-9912-BE28040BCBFB}.Debug|Any CPU.Build.0 = Debug|Any CPU
		{ED095E11-E637-47A5-9912-BE28040BCBFB}.Release|Any CPU.ActiveCfg = Release|Any CPU
		{ED095E11-E637-47A5-9912-BE28040BCBFB}.Release|Any CPU.Build.0 = Release|Any CPU
		{BC095792-01E6-4E52-A34B-DE707FCFE9AC}.Debug|Any CPU.ActiveCfg = Debug|Any CPU
		{BC095792-01E6-4E52-A34B-DE707FCFE9AC}.Debug|Any CPU.Build.0 = Debug|Any CPU
		{BC095792-01E6-4E52-A34B-DE707FCFE9AC}.Release|Any CPU.ActiveCfg = Release|Any CPU
		{BC095792-01E6-4E52-A34B-DE707FCFE9AC}.Release|Any CPU.Build.0 = Release|Any CPU
		{A3099977-78E7-4398-AC09-499206CBA2C8}.Debug|Any CPU.ActiveCfg = Debug|Any CPU
		{A3099977-78E7-4398-AC09-499206CBA2C8}.Debug|Any CPU.Build.0 = Debug|Any CPU
		{A3099977-78E7-4398-AC09-499206CBA2C8}.Release|Any CPU.ActiveCfg = Release|Any CPU
		{A3099977-78E7-4398-AC09-499206CBA2C8}.Release|Any CPU.Build.0 = Release|Any CPU
		{AB685B0A-61EA-4FDB-BB24-3AF864E84E79}.Debug|Any CPU.ActiveCfg = Debug|Any CPU
		{AB685B0A-61EA-4FDB-BB24-3AF864E84E79}.Debug|Any CPU.Build.0 = Debug|Any CPU
		{AB685B0A-61EA-4FDB-BB24-3AF864E84E79}.Release|Any CPU.ActiveCfg = Release|Any CPU
		{AB685B0A-61EA-4FDB-BB24-3AF864E84E79}.Release|Any CPU.Build.0 = Release|Any CPU
	EndGlobalSection
	GlobalSection(SolutionProperties) = preSolution
		HideSolutionNode = FALSE
	EndGlobalSection
	GlobalSection(ExtensibilityGlobals) = postSolution
		SolutionGuid = {3B7BFB25-F303-497F-9CAA-43A5D928CA37}
	EndGlobalSection
EndGlobal
